Microsoft Visual Studio Solution File, Format Version 12.00
# Visual Studio Version 17
VisualStudioVersion = 17.5.2.0
MinimumVisualStudioVersion = 10.0.40219.1
Project("{2150E333-8FDC-42A3-9474-1A3956D46DE8}") = "NumberGuessingGame", "NumberGuessingGame", "{BE9F5A3A-AB92-A578-3315-8F5A685082AF}"
EndProject
Project("{FAE04EC0-301F-11D3-BF4B-00C04F79EFBC}") = "NumberGuessingGame", "NumberGuessingGame\NumberGuessingGame\NumberGuessingGame.csproj", "{1D31D98E-2AA8-8031-8B48-E81B01489F96}"
EndProject
Global
	GlobalSection(SolutionConfigurationPlatforms) = preSolution
		Debug|Any CPU = Debug|Any CPU
		Release|Any CPU = Release|Any CPU
	EndGlobalSection
	GlobalSection(ProjectConfigurationPlatforms) = postSolution
		{1D31D98E-2AA8-8031-8B48-E81B01489F96}.Debug|Any CPU.ActiveCfg = Debug|Any CPU
		{1D31D98E-2AA8-8031-8B48-E81B01489F96}.Debug|Any CPU.Build.0 = Debug|Any CPU
		{1D31D98E-2AA8-8031-8B48-E81B01489F96}.Release|Any CPU.ActiveCfg = Release|Any CPU
		{1D31D98E-2AA8-8031-8B48-E81B01489F96}.Release|Any CPU.Build.0 = Release|Any CPU
	EndGlobalSection
	GlobalSection(SolutionProperties) = preSolution
		HideSolutionNode = FALSE
	EndGlobalSection
	GlobalSection(NestedProjects) = preSolution
		{1D31D98E-2AA8-8031-8B48-E81B01489F96} = {BE9F5A3A-AB92-A578-3315-8F5A685082AF}
	EndGlobalSection
	GlobalSection(ExtensibilityGlobals) = postSolution
		SolutionGuid = {DACDE760-A8B4-4157-BE88-E420E9158295}
	EndGlobalSection
EndGlobal
