
Microsoft Visual Studio Solution File, Format Version 12.00
# Visual Studio Version 17
VisualStudioVersion = 17.0.31903.59
MinimumVisualStudioVersion = 10.0.40219.1
Project("{FAE04EC0-301F-11D3-BF4B-00C04F79EFBC}") = "ToDoApp.API", "ToDoApp.API\ToDoApp.API.csproj", "{27E15111-C3B2-4E41-94A7-72E89B105600}"
EndProject
Project("{FAE04EC0-301F-11D3-BF4B-00C04F79EFBC}") = "ToDoApp.Core", "ToDoApp.Core\ToDoApp.Core.csproj", "{78382E38-4435-4F40-A7C3-92E97514A107}"
EndProject
Project("{FAE04EC0-301F-11D3-BF4B-00C04F79EFBC}") = "ToDoApp.Infrastructure", "ToDoApp.Infrastructure\ToDoApp.Infrastructure.csproj", "{059B887C-1682-498B-A5C9-E4267E5FD133}"
EndProject
Global
	GlobalSection(SolutionConfigurationPlatforms) = preSolution
		Debug|Any CPU = Debug|Any CPU
		Release|Any CPU = Release|Any CPU
	EndGlobalSection
	GlobalSection(SolutionProperties) = preSolution
		HideSolutionNode = FALSE
	EndGlobalSection
	GlobalSection(ProjectConfigurationPlatforms) = postSolution
		{27E15111-C3B2-4E41-94A7-72E89B105600}.Debug|Any CPU.ActiveCfg = Debug|Any CPU
		{27E15111-C3B2-4E41-94A7-72E89B105600}.Debug|Any CPU.Build.0 = Debug|Any CPU
		{27E15111-C3B2-4E41-94A7-72E89B105600}.Release|Any CPU.ActiveCfg = Release|Any CPU
		{27E15111-C3B2-4E41-94A7-72E89B105600}.Release|Any CPU.Build.0 = Release|Any CPU
		{78382E38-4435-4F40-A7C3-92E97514A107}.Debug|Any CPU.ActiveCfg = Debug|Any CPU
		{78382E38-4435-4F40-A7C3-92E97514A107}.Debug|Any CPU.Build.0 = Debug|Any CPU
		{78382E38-4435-4F40-A7C3-92E97514A107}.Release|Any CPU.ActiveCfg = Release|Any CPU
		{78382E38-4435-4F40-A7C3-92E97514A107}.Release|Any CPU.Build.0 = Release|Any CPU
		{059B887C-1682-498B-A5C9-E4267E5FD133}.Debug|Any CPU.ActiveCfg = Debug|Any CPU
		{059B887C-1682-498B-A5C9-E4267E5FD133}.Debug|Any CPU.Build.0 = Debug|Any CPU
		{059B887C-1682-498B-A5C9-E4267E5FD133}.Release|Any CPU.ActiveCfg = Release|Any CPU
		{059B887C-1682-498B-A5C9-E4267E5FD133}.Release|Any CPU.Build.0 = Release|Any CPU
	EndGlobalSection
EndGlobal
